
Microsoft Visual Studio Solution File, Format Version 12.00
# Visual Studio Version 17
VisualStudioVersion = 17.4.33213.308
MinimumVisualStudioVersion = 10.0.40219.1
Project("{FAE04EC0-301F-11D3-BF4B-00C04F79EFBC}") = "Холодов_лаба_17_3", "Холодов_лаба_17_3\Холодов_лаба_17_3.csproj", "{936BE49B-276D-4229-B320-1180608D7216}"
EndProject
Global
	GlobalSection(SolutionConfigurationPlatforms) = preSolution
		Debug|Any CPU = Debug|Any CPU
		Release|Any CPU = Release|Any CPU
	EndGlobalSection
	GlobalSection(ProjectConfigurationPlatforms) = postSolution
		{936BE49B-276D-4229-B320-1180608D7216}.Debug|Any CPU.ActiveCfg = Debug|Any CPU
		{936BE49B-276D-4229-B320-1180608D7216}.Debug|Any CPU.Build.0 = Debug|Any CPU
		{936BE49B-276D-4229-B320-1180608D7216}.Release|Any CPU.ActiveCfg = Release|Any CPU
		{936BE49B-276D-4229-B320-1180608D7216}.Release|Any CPU.Build.0 = Release|Any CPU
	EndGlobalSection
	GlobalSection(SolutionProperties) = preSolution
		HideSolutionNode = FALSE
	EndGlobalSection
	GlobalSection(ExtensibilityGlobals) = postSolution
		SolutionGuid = {B6F883DE-FCAC-4F58-AFC7-AEFE72FCD711}
	EndGlobalSection
EndGlobal
