
Microsoft Visual Studio Solution File, Format Version 12.00
# Visual Studio Version 17
VisualStudioVersion = 17.3.32825.248
MinimumVisualStudioVersion = 10.0.40219.1
Project("{FAE04EC0-301F-11D3-BF4B-00C04F79EFBC}") = "пз3", "пз3.csproj", "{71F6850F-1939-4C48-B7F7-8EBC65D3622C}"
EndProject
Global
	GlobalSection(SolutionConfigurationPlatforms) = preSolution
		Debug|Any CPU = Debug|Any CPU
		Release|Any CPU = Release|Any CPU
	EndGlobalSection
	GlobalSection(ProjectConfigurationPlatforms) = postSolution
		{71F6850F-1939-4C48-B7F7-8EBC65D3622C}.Debug|Any CPU.ActiveCfg = Debug|Any CPU
		{71F6850F-1939-4C48-B7F7-8EBC65D3622C}.Debug|Any CPU.Build.0 = Debug|Any CPU
		{71F6850F-1939-4C48-B7F7-8EBC65D3622C}.Release|Any CPU.ActiveCfg = Release|Any CPU
		{71F6850F-1939-4C48-B7F7-8EBC65D3622C}.Release|Any CPU.Build.0 = Release|Any CPU
	EndGlobalSection
	GlobalSection(SolutionProperties) = preSolution
		HideSolutionNode = FALSE
	EndGlobalSection
	GlobalSection(ExtensibilityGlobals) = postSolution
		SolutionGuid = {D43C15D5-0601-4395-9717-DFC4FD98662B}
	EndGlobalSection
EndGlobal
