
Microsoft Visual Studio Solution File, Format Version 12.00
# Visual Studio Version 17
VisualStudioVersion = 17.4.33213.308
MinimumVisualStudioVersion = 10.0.40219.1
Project("{FAE04EC0-301F-11D3-BF4B-00C04F79EFBC}") = "DataBase", "Холодов_лаба_16\DataBase.csproj", "{92CBA761-B64A-4DC1-A2B3-1C4026408EB4}"
EndProject
Global
	GlobalSection(SolutionConfigurationPlatforms) = preSolution
		Debug|Any CPU = Debug|Any CPU
		Release|Any CPU = Release|Any CPU
	EndGlobalSection
	GlobalSection(ProjectConfigurationPlatforms) = postSolution
		{92CBA761-B64A-4DC1-A2B3-1C4026408EB4}.Debug|Any CPU.ActiveCfg = Debug|Any CPU
		{92CBA761-B64A-4DC1-A2B3-1C4026408EB4}.Debug|Any CPU.Build.0 = Debug|Any CPU
		{92CBA761-B64A-4DC1-A2B3-1C4026408EB4}.Release|Any CPU.ActiveCfg = Release|Any CPU
		{92CBA761-B64A-4DC1-A2B3-1C4026408EB4}.Release|Any CPU.Build.0 = Release|Any CPU
	EndGlobalSection
	GlobalSection(SolutionProperties) = preSolution
		HideSolutionNode = FALSE
	EndGlobalSection
	GlobalSection(ExtensibilityGlobals) = postSolution
		SolutionGuid = {5F52DDE5-A175-45B3-933F-A25702DC0FDB}
	EndGlobalSection
EndGlobal
