
Microsoft Visual Studio Solution File, Format Version 12.00
# Visual Studio Version 17
VisualStudioVersion = 17.4.33213.308
MinimumVisualStudioVersion = 10.0.40219.1
Project("{FAE04EC0-301F-11D3-BF4B-00C04F79EFBC}") = "Холодов_лаба_17_2", "Холодов_лаба_17_2\Холодов_лаба_17_2.csproj", "{F13A919A-CAC8-4FB0-8559-32E535409608}"
EndProject
Global
	GlobalSection(SolutionConfigurationPlatforms) = preSolution
		Debug|Any CPU = Debug|Any CPU
		Release|Any CPU = Release|Any CPU
	EndGlobalSection
	GlobalSection(ProjectConfigurationPlatforms) = postSolution
		{F13A919A-CAC8-4FB0-8559-32E535409608}.Debug|Any CPU.ActiveCfg = Debug|Any CPU
		{F13A919A-CAC8-4FB0-8559-32E535409608}.Debug|Any CPU.Build.0 = Debug|Any CPU
		{F13A919A-CAC8-4FB0-8559-32E535409608}.Release|Any CPU.ActiveCfg = Release|Any CPU
		{F13A919A-CAC8-4FB0-8559-32E535409608}.Release|Any CPU.Build.0 = Release|Any CPU
	EndGlobalSection
	GlobalSection(SolutionProperties) = preSolution
		HideSolutionNode = FALSE
	EndGlobalSection
	GlobalSection(ExtensibilityGlobals) = postSolution
		SolutionGuid = {AA7A74C0-9C82-474D-B9D6-F27927BC019C}
	EndGlobalSection
EndGlobal
